
Microsoft Visual Studio Solution File, Format Version 12.00
# Visual Studio Version 17
VisualStudioVersion = 17.1.32328.378
MinimumVisualStudioVersion = 10.0.40219.1
Project("{FAE04EC0-301F-11D3-BF4B-00C04F79EFBC}") = "Chess", "Chess\Chess.csproj", "{C72D9BD0-377C-4184-8872-0290F252ACDF}"
EndProject
Project("{FAE04EC0-301F-11D3-BF4B-00C04F79EFBC}") = "DemoChess", "DemoChess\DemoChess.csproj", "{A31144E7-7D99-4A31-AE65-5A94AFF73E9F}"
EndProject
Global
	GlobalSection(SolutionConfigurationPlatforms) = preSolution
		Debug|Any CPU = Debug|Any CPU
		Release|Any CPU = Release|Any CPU
	EndGlobalSection
	GlobalSection(ProjectConfigurationPlatforms) = postSolution
		{C72D9BD0-377C-4184-8872-0290F252ACDF}.Debug|Any CPU.ActiveCfg = Debug|Any CPU
		{C72D9BD0-377C-4184-8872-0290F252ACDF}.Debug|Any CPU.Build.0 = Debug|Any CPU
		{C72D9BD0-377C-4184-8872-0290F252ACDF}.Release|Any CPU.ActiveCfg = Release|Any CPU
		{C72D9BD0-377C-4184-8872-0290F252ACDF}.Release|Any CPU.Build.0 = Release|Any CPU
		{A31144E7-7D99-4A31-AE65-5A94AFF73E9F}.Debug|Any CPU.ActiveCfg = Debug|Any CPU
		{A31144E7-7D99-4A31-AE65-5A94AFF73E9F}.Debug|Any CPU.Build.0 = Debug|Any CPU
		{A31144E7-7D99-4A31-AE65-5A94AFF73E9F}.Release|Any CPU.ActiveCfg = Release|Any CPU
		{A31144E7-7D99-4A31-AE65-5A94AFF73E9F}.Release|Any CPU.Build.0 = Release|Any CPU
	EndGlobalSection
	GlobalSection(SolutionProperties) = preSolution
		HideSolutionNode = FALSE
	EndGlobalSection
	GlobalSection(ExtensibilityGlobals) = postSolution
		SolutionGuid = {DC6DD961-4B33-4D0E-9E20-C10E95F24134}
	EndGlobalSection
EndGlobal
